
Microsoft Visual Studio Solution File, Format Version 12.00
# Visual Studio Version 16
VisualStudioVersion = 16.0.29519.87
MinimumVisualStudioVersion = 10.0.40219.1
Project("{FAE04EC0-301F-11D3-BF4B-00C04F79EFBC}") = "KvetonMoBank.Android", "KvetonMoBank\KvetonMoBank.Android\KvetonMoBank.Android.csproj", "{A36D7E53-92CB-49D0-942F-2D135D45E1C8}"
EndProject
Project("{FAE04EC0-301F-11D3-BF4B-00C04F79EFBC}") = "KvetonMoBank", "KvetonMoBank\KvetonMoBank\KvetonMoBank.csproj", "{84F10447-6EB8-4553-A2C5-37AB9E594F4B}"
EndProject
Global
	GlobalSection(SolutionConfigurationPlatforms) = preSolution
		Debug|Any CPU = Debug|Any CPU
		Release|Any CPU = Release|Any CPU
	EndGlobalSection
	GlobalSection(ProjectConfigurationPlatforms) = postSolution
		{A36D7E53-92CB-49D0-942F-2D135D45E1C8}.Debug|Any CPU.ActiveCfg = Debug|Any CPU
		{A36D7E53-92CB-49D0-942F-2D135D45E1C8}.Debug|Any CPU.Build.0 = Debug|Any CPU
		{A36D7E53-92CB-49D0-942F-2D135D45E1C8}.Debug|Any CPU.Deploy.0 = Debug|Any CPU
		{A36D7E53-92CB-49D0-942F-2D135D45E1C8}.Release|Any CPU.ActiveCfg = Release|Any CPU
		{A36D7E53-92CB-49D0-942F-2D135D45E1C8}.Release|Any CPU.Build.0 = Release|Any CPU
		{A36D7E53-92CB-49D0-942F-2D135D45E1C8}.Release|Any CPU.Deploy.0 = Release|Any CPU
		{84F10447-6EB8-4553-A2C5-37AB9E594F4B}.Debug|Any CPU.ActiveCfg = Debug|Any CPU
		{84F10447-6EB8-4553-A2C5-37AB9E594F4B}.Debug|Any CPU.Build.0 = Debug|Any CPU
		{84F10447-6EB8-4553-A2C5-37AB9E594F4B}.Debug|Any CPU.Deploy.0 = Debug|Any CPU
		{84F10447-6EB8-4553-A2C5-37AB9E594F4B}.Release|Any CPU.ActiveCfg = Release|Any CPU
		{84F10447-6EB8-4553-A2C5-37AB9E594F4B}.Release|Any CPU.Build.0 = Release|Any CPU
		{84F10447-6EB8-4553-A2C5-37AB9E594F4B}.Release|Any CPU.Deploy.0 = Release|Any CPU
	EndGlobalSection
	GlobalSection(SolutionProperties) = preSolution
		HideSolutionNode = FALSE
	EndGlobalSection
	GlobalSection(ExtensibilityGlobals) = postSolution
		SolutionGuid = {EDF7B925-E357-4EF8-8D08-76462ECC913D}
	EndGlobalSection
EndGlobal
